<?xml version="1.0" encoding="UTF-8"?>
<Project ToolsVersion="15.0" xmlns="http://schemas.microsoft.com/developer/msbuild/2003">
  <ItemGroup>
    <CustomBuild Include="C:\Users\Adam Yu\Documents\Visual Studio 2017\Projects\Registration\Writer\CMakeLists.txt" />
    <CustomBuild Include="C:\Users\Adam Yu\Documents\Visual Studio 2017\Projects\Registration\CMakeFiles\c2dedd498674c46711ad2d62a3420d1f\Writer_autogen.rule">
      <Filter>CMake Rules</Filter>
    </CustomBuild>
  </ItemGroup>
  <ItemGroup>
    <None Include="C:\Users\Adam Yu\Documents\Visual Studio 2017\Projects\Registration\Writer\CMakeFiles\Writer_autogen" />
  </ItemGroup>
  <ItemGroup>
    <Filter Include="CMake Rules">
      <UniqueIdentifier>{B78E80AB-951D-3A2C-8037-F3046D371119}</UniqueIdentifier>
    </Filter>
  </ItemGroup>
</Project>
