<?xml version="1.0" encoding="UTF-8"?>
<Project ToolsVersion="15.0" xmlns="http://schemas.microsoft.com/developer/msbuild/2003">
  <ItemGroup>
    <CustomBuild Include="C:\Users\Adam Yu\Documents\Visual Studio 2017\Projects\Registration\Entry\CMakeLists.txt" />
    <CustomBuild Include="C:\Users\Adam Yu\Documents\Visual Studio 2017\Projects\Registration\CMakeFiles\3bd6eac1b68e0230273a2f6e70fa5c89\Entry_autogen.rule">
      <Filter>CMake Rules</Filter>
    </CustomBuild>
  </ItemGroup>
  <ItemGroup>
    <None Include="C:\Users\Adam Yu\Documents\Visual Studio 2017\Projects\Registration\Entry\CMakeFiles\Entry_autogen" />
  </ItemGroup>
  <ItemGroup>
    <Filter Include="CMake Rules">
      <UniqueIdentifier>{B78E80AB-951D-3A2C-8037-F3046D371119}</UniqueIdentifier>
    </Filter>
  </ItemGroup>
</Project>
